Microsoft Visual Studio Solution File, Format Version 12.00
# Visual Studio Version 17
VisualStudioVersion = 17.5.2.0
MinimumVisualStudioVersion = 10.0.40219.1
Project("{FAE04EC0-301F-11D3-BF4B-00C04F79EFBC}") = "poo-senai", "poo-senai.csproj", "{258082DE-41A2-FDCC-F502-3627E5F91C53}"
EndProject
Global
	GlobalSection(SolutionConfigurationPlatforms) = preSolution
		Debug|Any CPU = Debug|Any CPU
		Release|Any CPU = Release|Any CPU
	EndGlobalSection
	GlobalSection(ProjectConfigurationPlatforms) = postSolution
		{258082DE-41A2-FDCC-F502-3627E5F91C53}.Debug|Any CPU.ActiveCfg = Debug|Any CPU
		{258082DE-41A2-FDCC-F502-3627E5F91C53}.Debug|Any CPU.Build.0 = Debug|Any CPU
		{258082DE-41A2-FDCC-F502-3627E5F91C53}.Release|Any CPU.ActiveCfg = Release|Any CPU
		{258082DE-41A2-FDCC-F502-3627E5F91C53}.Release|Any CPU.Build.0 = Release|Any CPU
	EndGlobalSection
	GlobalSection(SolutionProperties) = preSolution
		HideSolutionNode = FALSE
	EndGlobalSection
	GlobalSection(ExtensibilityGlobals) = postSolution
		SolutionGuid = {2A6A3FEF-3581-4664-A975-992A7C1C8067}
	EndGlobalSection
EndGlobal
